
Microsoft Visual Studio Solution File, Format Version 12.00
# Visual Studio 14
VisualStudioVersion = 14.0.25420.1
MinimumVisualStudioVersion = 10.0.40219.1
Project("{FAE04EC0-301F-11D3-BF4B-00C04F79EFBC}") = "Euler", "Euler\Euler.csproj", "{1A741659-BC5D-4779-89B3-5BB4A992282A}"
EndProject
Project("{FAE04EC0-301F-11D3-BF4B-00C04F79EFBC}") = "Common", "Common\Common.csproj", "{249B0588-E7D4-460D-88D2-7EEFC3BF15B4}"
EndProject
Project("{FAE04EC0-301F-11D3-BF4B-00C04F79EFBC}") = "TestRun", "TestRun\TestRun.csproj", "{F818F448-E95D-46B2-91E6-C07A1D3B3DE6}"
EndProject
Global
	GlobalSection(SolutionConfigurationPlatforms) = preSolution
		Debug|Any CPU = Debug|Any CPU
		Release|Any CPU = Release|Any CPU
	EndGlobalSection
	GlobalSection(ProjectConfigurationPlatforms) = postSolution
		{1A741659-BC5D-4779-89B3-5BB4A992282A}.Debug|Any CPU.ActiveCfg = Debug|Any CPU
		{1A741659-BC5D-4779-89B3-5BB4A992282A}.Debug|Any CPU.Build.0 = Debug|Any CPU
		{1A741659-BC5D-4779-89B3-5BB4A992282A}.Release|Any CPU.ActiveCfg = Release|Any CPU
		{1A741659-BC5D-4779-89B3-5BB4A992282A}.Release|Any CPU.Build.0 = Release|Any CPU
		{249B0588-E7D4-460D-88D2-7EEFC3BF15B4}.Debug|Any CPU.ActiveCfg = Debug|Any CPU
		{249B0588-E7D4-460D-88D2-7EEFC3BF15B4}.Debug|Any CPU.Build.0 = Debug|Any CPU
		{249B0588-E7D4-460D-88D2-7EEFC3BF15B4}.Release|Any CPU.ActiveCfg = Release|Any CPU
		{249B0588-E7D4-460D-88D2-7EEFC3BF15B4}.Release|Any CPU.Build.0 = Release|Any CPU
		{F818F448-E95D-46B2-91E6-C07A1D3B3DE6}.Debug|Any CPU.ActiveCfg = Debug|Any CPU
		{F818F448-E95D-46B2-91E6-C07A1D3B3DE6}.Debug|Any CPU.Build.0 = Debug|Any CPU
		{F818F448-E95D-46B2-91E6-C07A1D3B3DE6}.Release|Any CPU.ActiveCfg = Release|Any CPU
		{F818F448-E95D-46B2-91E6-C07A1D3B3DE6}.Release|Any CPU.Build.0 = Release|Any CPU
	EndGlobalSection
	GlobalSection(SolutionProperties) = preSolution
		HideSolutionNode = FALSE
	EndGlobalSection
EndGlobal
